
Microsoft Visual Studio Solution File, Format Version 12.00
# Visual Studio Version 17
VisualStudioVersion = 17.5.002.0
MinimumVisualStudioVersion = 10.0.40219.1
Project("{9A19103F-16F7-4668-BE54-9A1E7A4F7556}") = "Task1", "Task1.csproj", "{E44FE84F-883B-40C1-B44C-1E62D3550122}"
EndProject
Global
	GlobalSection(SolutionConfigurationPlatforms) = preSolution
		Debug|Any CPU = Debug|Any CPU
		Release|Any CPU = Release|Any CPU
	EndGlobalSection
	GlobalSection(ProjectConfigurationPlatforms) = postSolution
		{E44FE84F-883B-40C1-B44C-1E62D3550122}.Debug|Any CPU.ActiveCfg = Debug|Any CPU
		{E44FE84F-883B-40C1-B44C-1E62D3550122}.Debug|Any CPU.Build.0 = Debug|Any CPU
		{E44FE84F-883B-40C1-B44C-1E62D3550122}.Release|Any CPU.ActiveCfg = Release|Any CPU
		{E44FE84F-883B-40C1-B44C-1E62D3550122}.Release|Any CPU.Build.0 = Release|Any CPU
	EndGlobalSection
	GlobalSection(SolutionProperties) = preSolution
		HideSolutionNode = FALSE
	EndGlobalSection
	GlobalSection(ExtensibilityGlobals) = postSolution
		SolutionGuid = {1D08F7FD-9E7C-4B5E-BD76-8E7266CBAE9C}
	EndGlobalSection
EndGlobal
